
Microsoft Visual Studio Solution File, Format Version 11.00
# Visual Studio 2010
Project("{FAE04EC0-301F-11D3-BF4B-00C04F79EFBC}") = "Assembly-CSharp", "Assembly-CSharp.csproj", "{32294DCC-576D-114C-B578-F7144F65B778}"
EndProject
Project("{FAE04EC0-301F-11D3-BF4B-00C04F79EFBC}") = "Assembly-CSharp-Editor", "Assembly-CSharp-Editor.csproj", "{5A6C7E95-CACD-F273-D198-115CAFB51CC2}"
EndProject
Global
	GlobalSection(SolutionConfigurationPlatforms) = preSolution
		Debug|Any CPU = Debug|Any CPU
		Release|Any CPU = Release|Any CPU
	EndGlobalSection
	GlobalSection(ProjectConfigurationPlatforms) = postSolution
		{32294DCC-576D-114C-B578-F7144F65B778}.Debug|Any CPU.ActiveCfg = Debug|Any CPU
		{32294DCC-576D-114C-B578-F7144F65B778}.Debug|Any CPU.Build.0 = Debug|Any CPU
		{32294DCC-576D-114C-B578-F7144F65B778}.Release|Any CPU.ActiveCfg = Release|Any CPU
		{32294DCC-576D-114C-B578-F7144F65B778}.Release|Any CPU.Build.0 = Release|Any CPU
		{5A6C7E95-CACD-F273-D198-115CAFB51CC2}.Debug|Any CPU.ActiveCfg = Debug|Any CPU
		{5A6C7E95-CACD-F273-D198-115CAFB51CC2}.Debug|Any CPU.Build.0 = Debug|Any CPU
		{5A6C7E95-CACD-F273-D198-115CAFB51CC2}.Release|Any CPU.ActiveCfg = Release|Any CPU
		{5A6C7E95-CACD-F273-D198-115CAFB51CC2}.Release|Any CPU.Build.0 = Release|Any CPU
	EndGlobalSection
	GlobalSection(SolutionProperties) = preSolution
		HideSolutionNode = FALSE
	EndGlobalSection
EndGlobal
